<?xml version="1.0" encoding="utf-8"?>
<Project ToolsVersion="4.0" xmlns="http://schemas.microsoft.com/developer/msbuild/2003">
  <ItemGroup>
    <ClCompile Include="DownloaderDlg.cpp">
      <Filter>소스 파일</Filter>
    </ClCompile>
    <ClCompile Include="HexEdit.cpp">
      <Filter>소스 파일</Filter>
    </ClCompile>
    <ClCompile Include="MemoryTestDlg.cpp">
      <Filter>소스 파일</Filter>
    </ClCompile>
    <ClCompile Include="Packet.cpp">
      <Filter>소스 파일</Filter>
    </ClCompile>
    <ClCompile Include="ProgramDlg.cpp">
      <Filter>소스 파일</Filter>
    </ClCompile>
    <ClCompile Include="programmer-ui.cpp">
      <Filter>소스 파일</Filter>
    </ClCompile>
    <ClCompile Include="SerialPortSelectDlg.cpp">
      <Filter>소스 파일</Filter>
    </ClCompile>
    <ClCompile Include="stdafx.cpp">
      <Filter>소스 파일</Filter>
    </ClCompile>
    <ClCompile Include="UploadDlg.cpp">
      <Filter>소스 파일</Filter>
    </ClCompile>
  </ItemGroup>
  <ItemGroup>
    <ClInclude Include="DownloaderDlg.h">
      <Filter>헤더 파일</Filter>
    </ClInclude>
    <ClInclude Include="HexEdit.h">
      <Filter>헤더 파일</Filter>
    </ClInclude>
    <ClInclude Include="MemoryTestDlg.h">
      <Filter>헤더 파일</Filter>
    </ClInclude>
    <ClInclude Include="Packet.h">
      <Filter>헤더 파일</Filter>
    </ClInclude>
    <ClInclude Include="ProgramDlg.h">
      <Filter>헤더 파일</Filter>
    </ClInclude>
    <ClInclude Include="programmer-ui.h">
      <Filter>헤더 파일</Filter>
    </ClInclude>
    <ClInclude Include="resource.h">
      <Filter>헤더 파일</Filter>
    </ClInclude>
    <ClInclude Include="SerialPortSelectDlg.h">
      <Filter>헤더 파일</Filter>
    </ClInclude>
    <ClInclude Include="stdafx.h">
      <Filter>헤더 파일</Filter>
    </ClInclude>
    <ClInclude Include="targetver.h">
      <Filter>헤더 파일</Filter>
    </ClInclude>
    <ClInclude Include="types.h">
      <Filter>헤더 파일</Filter>
    </ClInclude>
    <ClInclude Include="UploadDlg.h">
      <Filter>헤더 파일</Filter>
    </ClInclude>
  </ItemGroup>
  <ItemGroup>
    <Image Include="res\programmer-ui.ico">
      <Filter>리소스 파일</Filter>
    </Image>
    <Image Include="res\Toolbar.bmp">
      <Filter>리소스 파일</Filter>
    </Image>
    <Image Include="res\Toolbar256.bmp">
      <Filter>리소스 파일</Filter>
    </Image>
  </ItemGroup>
  <ItemGroup>
    <Filter Include="소스 파일">
      <UniqueIdentifier>{02e6e48a-934b-4181-98bd-d5b5ca36f6a8}</UniqueIdentifier>
      <Extensions>h;hh;hpp;hxx;hm;inl;inc;xsd</Extensions>
    </Filter>
    <Filter Include="헤더 파일">
      <UniqueIdentifier>{2921aa08-d143-4a52-8754-50fef3a74dbd}</UniqueIdentifier>
      <Extensions>cpp;c;cc;cxx;def;odl;idl;hpj;bat;asm;asmx</Extensions>
    </Filter>
    <Filter Include="리소스 파일">
      <UniqueIdentifier>{6ae80f97-8a31-4cc8-9316-264838136b01}</UniqueIdentifier>
      <Extensions>rc;ico;cur;bmp;dlg;rc2;rct;bin;rgs;gif;jpg;jpeg;jpe;resx;tiff;tif;png;wav;mfcribbon-ms</Extensions>
    </Filter>
  </ItemGroup>
  <ItemGroup>
    <ResourceCompile Include="programmer-ui.rc">
      <Filter>리소스 파일</Filter>
    </ResourceCompile>
  </ItemGroup>
  <ItemGroup>
    <None Include="res\programmer-ui.rc2">
      <Filter>리소스 파일</Filter>
    </None>
  </ItemGroup>
</Project>